# PyLCSS Windows CPython 3.12 dependency lock
# Generated from requirements.txt for win_amd64; update intentionally.
# All artifacts are pinned to the exact wheel SHA-256 used by setup.

aiohappyeyeballs==2.7.1 --hash=sha256:9243213661e29250eb41368e5daa826fc017156c3b8a11440826b2e3ed376472
aiohttp==3.14.3 --hash=sha256:33a2d7c28d33797a2e99923dffa63f83d908a19b6bf26cfe80fa790aa5e1a75a
aiosignal==1.4.0 --hash=sha256:053243f8b92b990551949e63930a839ff0cf0b0ebbe0597b0f3fb19e1a0fe82e
annotated-types==0.8.0 --hash=sha256:f072f4d804ea359e4eaf198b1af7a8b0943881a87f31bb764f8bf219bb9419e0
anthropic==0.120.2 --hash=sha256:0f0bc2b381dc0eb41c8d886b815d79c2041cd2374f83aed36f574b6dc9c579c1
anyio==4.14.2 --hash=sha256:9f505dda5ac9f0c8309b5e8bd445a8c2bf7246f3ce950121e45ea15bc41d1494
attrs==26.1.0 --hash=sha256:c647aa4a12dfbad9333ca4e71fe62ddc36f4e63b2d260a37a8b83d2f043ac309
backports.zstd==1.6.0 --hash=sha256:08793876172551a930ce4d65c712cd516184d1a97070d4a1193e05bf0cf7040d
bayesian-optimization==1.4.0 --hash=sha256:0984cfcbc9472284778962416f0d4892286da3f54e1df2767ef89263b6e22263
brotli==1.2.0 --hash=sha256:b35c13ce241abdd44cb8ca70683f20c0c079728a36a996297adb5334adfc1c44
cadquery==2.6.1 --hash=sha256:b3e476bd34553015e1ac7f019b288a48422821b67611f6d94f9fa0b4b1049d0c
cadquery-ocp==7.8.1.1.post1 --hash=sha256:06982855db94fa0056b922276f0ca94154e5d1eb16f6cba854d704885844924a
casadi==3.7.2 --hash=sha256:81d677d2b020c1307c1eb25eae15686e5de199bb066828c3eaabdfaaaf457ffd
certifi==2026.7.22 --hash=sha256:62f22742b58a1a33014a2b6b706588a8d7e2a88ae7bd1a6ebe8c992928483775
cffi==2.1.0 --hash=sha256:c97f080ea627e2863524c5af3836e2270b5f5dfff1f104392b959f8df0c5d384
charset-normalizer==3.4.9 --hash=sha256:4b3dac63058cc36820b0dd072f89898604e2d39686fe05321729d00d8ac185a0
cma==4.4.4 --hash=sha256:edb6d02eb2aac2d54650f16a8f0c70711ff17445957de7c9de92ff7fd4b7ef38
colorama==0.4.0 --hash=sha256:a3d89af5db9e9806a779a50296b5fdb466e281147c2c235e8225ecc6dbf7bbf3
contourpy==1.3.3 --hash=sha256:8153b8bfc11e1e4d75bcb0bff1db232f9e10b274e0929de9d608027e0d34ff8b
cryptography==48.0.0 --hash=sha256:5b012212e08b8dd5edc78ef54da83dd9892fd9105323b3993eff6bea65dc21d7
cycler==0.12.1 --hash=sha256:85cef7cff222d8644161529808465972e51340599459b8ac3ccbac5a854e0d30
dill==0.4.1 --hash=sha256:1e1ce33e978ae97fcfcff5638477032b801c46c7c65cf717f95fbc2248f79a9d
distro==1.9.0 --hash=sha256:7bffd925d65168f85027d8da9af6bddab658135b840670a223589bc0c8ef02b2
docstring_parser==0.18.0 --hash=sha256:b3fcbed555c47d8479be0796ef7e19c2670d428d72e96da63f3a40122860374b
et_xmlfile==2.0.0 --hash=sha256:7a91720bc756843502c3b7504c77b8fe44217c85c537d85037f0f536151b2caa
ezdxf==1.4.4 --hash=sha256:3e518d9ed4dcbe525d57f14c25c5e592f82660a690fdec39b03b092e6cdc4771
fast_simplification==0.1.13 --hash=sha256:94565811e708828f77c0a30eb8f05278e8f5826f2cbf1791cc470f6471dd0dce
filelock==3.32.2 --hash=sha256:87dd94cf281e586d135fa51132b8e3d9a598b316e90377a288663c9321036c82
flexcache==0.3 --hash=sha256:d43c9fea82336af6e0115e308d9d33a185390b8346a017564611f1466dcd2e32
flexparser==0.4 --hash=sha256:3738b456192dcb3e15620f324c447721023c0293f6af9955b481e91d00179846
fonttools==4.63.0 --hash=sha256:59ac449f8cca9b4ffa08d2e7bbadad87ce710d69d1eda5c3c1ce579baa987272
frozenlist==1.8.0 --hash=sha256:34187385b08f866104f0c0617404c8eb08165ab1272e884abc89c112e9c00746
fsspec==2026.7.0 --hash=sha256:b57ddbafedfaef7018c1ecab32aa200a9d7ca26b77965f64e48b70061249d279
genai-prices==0.1.1 --hash=sha256:de2e3d8ea3ca1d0d292025995c598da447a74e94f22cd3342df46941aeb5416b
google-auth==2.56.2 --hash=sha256:c8270ea95b2697b74e3d8438ae9c5b898e38b623b915c7b5c5635921e7de68a6
google-genai==2.16.0 --hash=sha256:f9eda6a7a3dd4491a0d2253c4bdd4536462d63838ed3f1b0e4fb9a0eb8f43331
griffelib==2.1.0 --hash=sha256:cc7b3d2d2865ad0b909fcc38086e3f554b5ea7acbaa7bbb7ecaa3f5dfb7d9f00
h11==0.16.0 --hash=sha256:63cf8bbe7522de3bf65932fda1d9c2772064ffb3dae62d55932da54b31cb6c86
h5py==3.11.0 --hash=sha256:21dbdc5343f53b2e25404673c4f00a3335aef25521bd5fa8c707ec3833934892
hdbscan==0.8.41 --hash=sha256:dce39272d2d4f1dde50dde9cc428cadb84ed16326de872b01761f7ec4f690419
httpcore==1.0.9 --hash=sha256:2d400746a40668fc9dec9810239072b40b4484b640a8c38fd654a024c7a1bf55
httpcore2==2.9.1 --hash=sha256:6182472379e855fe4221246a2bb7ecede403bc61c6798062ae1787d051ccde26
httpx==0.28.1 --hash=sha256:d909fcccc110f8c7faf814ca82a9a4d816bc5a6dbfea25d6591d6985b8ba59ad
httpx2==2.9.1 --hash=sha256:1820fe14a9ab1107bfeff39259987429450b070ec0ff38cc87eb0d8c97fdc71a
idna==3.18 --hash=sha256:7f952cbe720b688055e3f87de14f5c3e5fdaa8bc3928985c4077ca689de849a2
ImageIO==2.37.4 --hash=sha256:1ab2e22c8debf700f24c3ac43e8f95f3b3a8110c83b93411e97b4b0b2cd1c7e6
inflate64==1.0.4 --hash=sha256:2c6befdf83d088a6e0d10d0873a9d4bfde2ce00ad7a52c8189cf303306f98030
Jinja2==3.1.6 --hash=sha256:85ece4451f492d0c13c5dd7c13a64681a86afae63a5f347908daf103ce6d2f67
jiter==0.16.0 --hash=sha256:1878349266f8ee36ecb1375cc5ba2f115f35fd9f0a1a4119e725e379126647f7
joblib==1.5.3 --hash=sha256:5fc3c5039fc5ca8c0276333a188bbd59d6b7ab37fe6632daa76bc7f9ec18e713
kiwisolver==1.5.0 --hash=sha256:f18c2d9782259a6dc132fdc7a63c168cbc74b35284b6d75c673958982a378384
lazy-loader==0.5 --hash=sha256:ab0ea149e9c554d4ffeeb21105ac60bed7f3b4fd69b1d2360a4add51b170b005
llvmlite==0.46.0 --hash=sha256:398b39db462c39563a97b912d4f2866cd37cba60537975a09679b28fbbc0fb38
logfire-api==4.39.0 --hash=sha256:20057bbd2898dec2eed02e2559bd73f4e10bc4b108987821df55e9c762da3ba8
lxml==5.3.0 --hash=sha256:c1a69e58a6bb2de65902051d57fde951febad631a20a64572677a1052690482f
markdown-it-py==4.2.0 --hash=sha256:9f7ebbcd14fe59494226453aed97c1070d83f8d24b6fc3a3bcf9a38092641c4a
MarkupSafe==3.0.3 --hash=sha256:26a5784ded40c9e318cfc2bdb30fe164bdb8665ded9cd64d500a34fb42067b1c
matplotlib==3.11.1 --hash=sha256:88a2a27dd9691ae448dfae4b26f59036be90c3c28757edd3553a29559d00859f
mdurl==0.1.2 --hash=sha256:84008a41e51615a49fc9966191ff91509e3c40b939176e643fd50a5c2196b8f8
meshio==5.3.5 --hash=sha256:0736c6e34ecc768f62f2cde5d8233a3529512a9399b25c68ea2ca0d5900cdc10
more-itertools==11.1.0 --hash=sha256:4b65538ae22f6fed0ce4874efd317463a7489796a0939fa66824dd542125a192
mpmath==1.3.0 --hash=sha256:a0b2b9fe80bbcd81a6647ff13108738cfb482d481d826cc0e02f5b35e5c88d2c
msgpack==1.2.1 --hash=sha256:5c24aa15d5963051e1a5c62b12c50cd705992502b5ec1f3bece6046f33c9fc24
multidict==6.7.1 --hash=sha256:fcee94dfbd638784645b066074b338bc9cc155d4b4bffa4adce1615c5a426c19
multimethod==1.12 --hash=sha256:fd0c473c43558908d97cc06e4d68e8f69202f167db46f7b4e4058893e7dbdf60
multiprocess==0.70.19 --hash=sha256:3a56c0e85dd5025161bac5ce138dcac1e49174c7d8e74596537e729fd5c53c28
multivolumefile==0.2.3 --hash=sha256:237f4353b60af1703087cf7725755a1f6fcaeeea48421e1896940cd1c920d678
netgen-mesher==6.2.2506 --hash=sha256:fab4274474b23fc8b557b81207dbccd50828d8553cdb34f8e73ec456def2c4ef
netgen_occt==7.8.1 --hash=sha256:f701705183832cf2497c6c9339886d95dede7be63187f06be89fa146f6463d09
networkx==3.3 --hash=sha256:28575580c6ebdaf4505b22c6256a2b9de86b316dc63ba9e93abde3d78dfdbcf2
nevergrad==1.0.4 --hash=sha256:c2f2d73efead777879ca6deb427a7730e576fc252f6ca4c7ff1210163aa99faa
nlopt==2.11.0 --hash=sha256:ebccfc7161ecbf97a250c93c99e2ec0fb6cd2a02b87c063386f07ff420ec435e
NodeGraphQt==0.6.43 --hash=sha256:7ac80b563f6d66e3acc0e217d7de04406e9826a4975895158cdc692d238b5709
numba==0.63.1 --hash=sha256:bbad8c63e4fc7eb3cdb2c2da52178e180419f7969f9a685f283b313a70b92af3
numpy==2.2.6 --hash=sha256:c1f9540be57940698ed329904db803cf7a402f3fc200bfe599334c9bd84a40b2
numpy-stl==3.2.0 --hash=sha256:697c81b107231362460aaedf4647e81ba54f54f59c896772fea7904c9c439da5
openai==2.52.0 --hash=sha256:f97e231d9a8fa69ab55897df1080f02d99913fb0a30e3ee56ea16a1eb6c2d434
openpyxl==3.1.5 --hash=sha256:5282c12b107bffeef825f4617dc029afaf41d0ea60823bbb665ef3079dc79de2
opentelemetry-api==1.44.0 --hash=sha256:94b98c893a91b88657eaac1e3ba89618cdb85be6918196705354f34728b2cdef
packaging==26.0 --hash=sha256:b36f1fef9334a5588b4166f8bcd26a14e521f2b55e6b9de3aaa80d3ff7a37529
pandas==2.2.2 --hash=sha256:d187d355ecec3629624fccb01d104da7d7f391db0311145817525281e2804d23
path==17.1.1 --hash=sha256:ec7e136df29172e5030dd07e037d55f676bdb29d15bfa09b80da29d07d3b9303
pillow==12.3.0 --hash=sha256:a2b55dd6b2a4c4b7d87ffa56bdb33fdc5fdb9a462173861a7bc097f17d91cb09
Pint==0.25.2 --hash=sha256:ca35ab1d8eeeb6f7d9942b3cb5f34ca42b61cdd5fb3eae79531553dcca04dda7
platformdirs==4.11.0 --hash=sha256:360ccded2b7fce0af0ff80cc8f5942a1c5d99b0e856033acb030bfc634709e74
propcache==0.5.2 --hash=sha256:d9ee8826a7d47863a08ac44e1a5f611a462eefc3a194b492da242128bec75b42
psutil==7.2.2 --hash=sha256:eb7e81434c8d223ec4a219b5fc1c47d0417b12be7ea866e24fb5ad6e84b3d988
py7zr==0.20.8 --hash=sha256:c74d957a0d32a2368854d1721b4ca20e614ea116d733352a115ca1c789b2c42e
pyasn1==0.6.4 --hash=sha256:deda9277cfd454080ec40b207fb6df82206a3a2688735233cdcd8d3d565f088b
pyasn1_modules==0.4.2 --hash=sha256:29253a9207ce32b64c3ac6600edc75368f98473906e8fd1043bd6b5b1de2c14a
pybcj==1.0.8 --hash=sha256:26e3e4d287f306996902289fc0e88b36d0fc817802f4fc4537b40a6518726585
pycparser==3.0 --hash=sha256:b727414169a36b7d524c1c3e31839a521725078d7b2ff038656844266160a992
pycryptodomex==3.23.0 --hash=sha256:52e5ca58c3a0b0bd5e100a9fbc8015059b05cffc6c66ce9d98b4b45e023443b9
pydantic==2.12.5 --hash=sha256:e561593fccf61e8a20fc46dfc2dfe075b8be7d0188df33f221ad1f0139180f9d
pydantic-ai-slim[openai,anthropic,google]==1.96.1 --hash=sha256:8e7be18e98941f6b861fdeecefb46fcc67232c22c968b92e475170a34a7b1d03
pydantic-graph==1.96.1 --hash=sha256:e2b377210d63ef93c85cf7ac6cdafcbe9fcdd9f60d19c008b24eb689637e9de6
pydantic_core==2.41.5 --hash=sha256:1962293292865bca8e54702b08a4f26da73adc83dd1fcf26fbc875b35d81c815
Pygments==2.20.0 --hash=sha256:81a9e26dd42fd28a23a2d169d86d7ac03b46e2f8b59ed4698fb4785f946d0176
pymoto==2.0.1 --hash=sha256:fae9b95ed186f8ea5f4d6c8f07fbe19f3ee3713884d1f06be4277d74b3bdd10c
pyparsing==3.3.2 --hash=sha256:850ba148bd908d7e2411587e247a1e4f0327839c40e2e5e6d05a007ecc69911d
pyppmd==1.1.1 --hash=sha256:2be8cbd13dd59fad1a0ad38062809e28596f3673b77a799dfe82b287986265ed
pyqtgraph==0.14.0 --hash=sha256:7abb7c3e17362add64f8711b474dffac5e7b0e9245abdf992e9a44119b7aa4f5
PySide6==6.10.1 --hash=sha256:9f89ff994f774420eaa38cec6422fddd5356611d8481774820befd6f3bb84c9e
PySide6_Addons==6.10.1 --hash=sha256:b6e249d15407dd33d6a2ffabd9dc6d7a8ab8c95d05f16a71dad4d07781c76341
PySide6_Essentials==6.10.1 --hash=sha256:9555a48e8f0acf63fc6a23c250808db841b28a66ed6ad89ee0e4df7628752674
python-dateutil==2.9.0.post0 --hash=sha256:a8b2bc7bffae282281c8140a97d3aa9c14da0b136dfe83f850eea9a5f7470427
python-utils==4.0.0 --hash=sha256:96b969a878bbc147e69db60aac7c618ff97f7e5e03e9d78ade85d764af71faa5
pytz==2026.3.post1 --hash=sha256:dd95840dd199baea12d9cc096a1d452caa6596a1c1e4b5f3dbd1541855d5e815
PyYAML==6.0.3 --hash=sha256:5fcd34e47f6e0b794d17de1b4ff496c00986e1c83f7ab2fb8fcfe9616ff7477b
pyzstd==0.19.1 --hash=sha256:267e2eb0de0291dfcb7ccfebc4ffe75b2f9d84e7007ac38844f6ccafc6dce081
Qt.py==2.0.5 --hash=sha256:c5b6255493a9c47e94527b07d8f58cdaa7764a7f4f9af88d7d020f673da747cc
QtAwesome==1.3.1 --hash=sha256:6078449035cd5311bc461e99940a426c27cb919fb4211c8cfc64506cb71e2dd7
QtPy==2.4.3 --hash=sha256:72095afe13673e017946cc258b8d5da43314197b741ed2890e563cf384b51aa1
regex==2026.7.19 --hash=sha256:e30d40268a28d54ce0437031750497004c22602b8e3ab891f759b795a003b312
requests==2.34.2 --hash=sha256:2a0d60c172f83ac6ab31e4554906c0f3b3588d37b5cb939b1c061f4907e278e0
rich==15.0.0 --hash=sha256:33bd4ef74232fb73fe9279a257718407f169c09b78a87ad3d296f548e27de0bb
rtree==1.4.1 --hash=sha256:efe125f416fd27150197ab8521158662943a40f87acab8028a1aac4ad667a489
SALib==1.5.2 --hash=sha256:6f4b6bebc1eeed1d081c8f951fa8c2ad7b0cd8a7159d206af48ef137cc806c43
scikit-fem==11.0.0 --hash=sha256:cc9f2f2ab0f608f228a72f1eb53e0efb93c900991aad0ca355d9355b5034fe5f
scikit-image==0.26.0 --hash=sha256:abed017474593cd3056ae0fe948d07d0747b27a085e92df5474f4955dd65aec0
scikit-learn==1.8.0 --hash=sha256:35c007dedb2ffe38fe3ee7d201ebac4a2deccd2408e8621d53067733e3c74809
scipy==1.15.2 --hash=sha256:e7c68b6a43259ba0aab737237876e5c2c549a031ddb7abc28c7b47f22e202ded
setuptools==83.0.0 --hash=sha256:29b23c360f22f414dc7336bb39178cc7bcbf6021ed2733cde173f09dba19abb3
shiboken6==6.10.1 --hash=sha256:c1601d3cda1fa32779b141663873741b54e797cb0328458d7466281f117b0a4e
simpleeval==1.0.3 --hash=sha256:e3bdbb8c82c26297c9a153902d0fd1858a6c3774bf53ff4f134788c3f2035c38
six==1.17.0 --hash=sha256:4721f391ed90541fddacab5acf947aa0d3dc7d27b2e1e8eda2be8970586c3274
sniffio==1.3.1 --hash=sha256:2f6da418d1f1e0fddd844478f41680e794e6051915791a034ff65e5f100525a2
sympy==1.14.0 --hash=sha256:e091cc3e99d2141a0ba2847328f5479b05d94a6635cb96148ccb3f34671bd8f5
tenacity==9.1.4 --hash=sha256:6095a360c919085f28c6527de529e76a06ad89b23659fa881ae0649b867a9d55
texttable==1.7.0 --hash=sha256:72227d592c82b3d7f672731ae73e4d1f88cd8e2ef5b075a7a7f01a23a3743917
threadpoolctl==3.6.0 --hash=sha256:43a0b8fd5a2928500110039e43a5eed8480b918967083ea48dc3ab9f13c4a7fb
tifffile==2026.7.31 --hash=sha256:81adfa08012be1c478f99b83cda2f529eef8620cfbdf94fc41eef6f1d7b47dc5
tiktoken==0.13.0 --hash=sha256:8f2d16e7a7c783ad81f36e457d046d1f1c8af70b22aec8a13238efe531977c41
torch==2.9.1 --hash=sha256:81a285002d7b8cfd3fdf1b98aa8df138d41f1a8334fd9ea37511517cedf43083
tqdm==4.70.0 --hash=sha256:7f585706bfddbdebf89daac705b2dfcc16890130727d3197ca62c732b4310953
trame==3.13.2 --hash=sha256:23e87a65a6ea9241ce1060e9cd01426e48b3b8b72cd9f3cb974fc398649280b6
trame-client==3.13.2 --hash=sha256:a22f118522ad8c0a8063186a8b1c77e06dc0e577e1f32d879710ca0344a124d9
trame-common==1.2.6 --hash=sha256:9656e07b35dbb0ea45519829a4e7a86bc6cc52b8dd3605d000fde932631552bb
trame-server==3.13.0 --hash=sha256:80c6a5c317204a1d1d0930582ac2a49efc3fa3273226e141e71aa0348c3dca2a
trame-vtk==2.11.15 --hash=sha256:61e0f1a21fc6f1282ac7baf65c90198b3ccc9ad11efb383d17255d90ed8d8606
trimesh==4.5.3 --hash=sha256:c56ccbf7e2783eadcc1eec191273fcb08801c74a03f2a08c8a5dcc3d55b031e3
truststore==0.10.4 --hash=sha256:adaeaecf1cbb5f4de3b1959b42d41f6fab57b2b1666adb59e89cb0b53361d981
types-PySide6==6.10.1.1 --hash=sha256:30ff49550c8f40e0606d70f9fbcf1f0c4b688d896df38f4f6a6912c231cbfa16
typing-inspection==0.4.2 --hash=sha256:4ed1cacbdc298c220f1bd249ed5287caa16f34d44ef4e9c3d0cbad5b521545e7
typing_extensions==4.16.0 --hash=sha256:481caa481374e813c1b176ada14e97f1f67a4539ce9cfeb3f350d78d6370c2e8
typish==1.9.3 --hash=sha256:03cfee5e6eb856dbf90244e18f4e4c41044c8790d5779f4e775f63f982e2f896
tzdata==2026.3 --hash=sha256:dc096730c87af6cab1b171c9d532be840741ff5d459015e7f6947bd7d7e54931
urllib3==2.7.0 --hash=sha256:9fb4c81ebbb1ce9531cce37674bbc6f1360472bc18ca9a553ede278ef7276897
vtk==9.3.1 --hash=sha256:685988e09070e06c8605886591698fd42d8225489509b6537a5046cd034cc93e
websockets==16.1.1 --hash=sha256:b436f6ec4fc3a6b4237c84d3f83170ed2b40bb584222f0ac47a0c8a5921980c7
wslink==2.5.7 --hash=sha256:47d729f654d1ee0bb42b6f05b068c48d5fdacd3216e827c1e80ea09eca0fe287
yarl==1.24.5 --hash=sha256:a929d878fec099030c292803b31e5d5540a7b6a31e6a3cc76cb4685fc2a2f51b
